{
  "nodes": {
    "naersk": {
      "inputs": {
        "nixpkgs": [
          "nixpkgs"
        ]
      },
      "locked": {
        "lastModified": 1654608517,
        "narHash": "sha256-KIxHjDDJYhoiLanLjpeAk5AuZsfip8M62JhkuloEGb0=",
        "owner": "nix-community",
        "repo": "naersk",
        "rev": "14997a79cd78fe34ad6390f18a327ee0593e5eec",
        "type": "github"
      },
      "original": {
        "owner": "nix-community",
        "repo": "naersk",
        "type": "github"
      }
    },
    "nixGL": {
      "inputs": {
        "nixpkgs": [
          "nixpkgs"
        ]
      },
      "locked": {
        "lastModified": 1654714858,
        "narHash": "sha256-P5k90jPOgRwRO18S+bMUUReKethbEKD05P0pljaTdLQ=",
        "owner": "guibou",
        "repo": "nixGL",
        "rev": "a8ea94984e64cf134d1aea66c1e3bbc25bfe1c25",
        "type": "github"
      },
      "original": {
        "owner": "guibou",
        "repo": "nixGL",
        "type": "github"
      }
    },
    "nixpkgs": {
      "locked": {
        "lastModified": 1654738138,
        "narHash": "sha256-qDvPasQDJRFsaBUQ/dQMspyyqvKJhqB/YzIgZtEHOFo=",
        "owner": "NixOS",
        "repo": "nixpkgs",
        "rev": "2a6acf223f0fe43bf90353acf63234433e99013b",
        "type": "github"
      },
      "original": {
        "owner": "NixOS",
        "ref": "release-22.05",
        "repo": "nixpkgs",
        "type": "github"
      }
    },
    "root": {
      "inputs": {
        "naersk": "naersk",
        "nixGL": "nixGL",
        "nixpkgs": "nixpkgs",
        "unstable": "unstable"
      }
    },
    "unstable": {
      "locked": {
        "lastModified": 1654665288,
        "narHash": "sha256-7blJpfoZEu7GKb84uh3io/5eSJNdaagXD9d15P9iQMs=",
        "owner": "NixOS",
        "repo": "nixpkgs",
        "rev": "43ecbe7840d155fa933ee8a500fb00dbbc651fc8",
        "type": "github"
      },
      "original": {
        "owner": "NixOS",
        "ref": "nixpkgs-unstable",
        "repo": "nixpkgs",
        "type": "github"
      }
    }
  },
  "root": "root",
  "version": 7
}
