{
  "nodes": {
    "crane": {
      "inputs": {
        "nixpkgs": [
          "nixpkgs"
        ]
      },
      "locked": {
        "lastModified": 1717951870,
        "narHash": "sha256-hGLeRxSEeFz9WvmQ4s4AuMJ5InLSZvoczDdXkWSFi1A=",
        "owner": "ipetkov",
        "repo": "crane",
        "rev": "17d9e9dedd58dde2c562a4296934c6d6a0844534",
        "type": "github"
      },
      "original": {
        "owner": "ipetkov",
        "repo": "crane",
        "type": "github"
      }
    },
    "flake-utils": {
      "locked": {
        "lastModified": 1659877975,
        "narHash": "sha256-zllb8aq3YO3h8B/U0/J1WBgAL8EX5yWf5pMj3G0NAmc=",
        "owner": "numtide",
        "repo": "flake-utils",
        "rev": "c0e246b9b83f637f4681389ecabcb2681b4f3af0",
        "type": "github"
      },
      "original": {
        "owner": "numtide",
        "repo": "flake-utils",
        "type": "github"
      }
    },
    "jeremy": {
      "locked": {
        "lastModified": 1718913535,
        "narHash": "sha256-MIDcNjxaDi9n9e6jqg/SmqCHvkZuDK+z8jLfJxkxtGI=",
        "owner": "jeremyschlatter",
        "repo": "nixpkgs",
        "rev": "613ca81ce95cd073c5e07d99ee39c4691c374bb7",
        "type": "github"
      },
      "original": {
        "owner": "jeremyschlatter",
        "ref": "debase",
        "repo": "nixpkgs",
        "type": "github"
      }
    },
    "nixGL": {
      "inputs": {
        "flake-utils": "flake-utils",
        "nixpkgs": [
          "nixpkgs"
        ]
      },
      "locked": {
        "lastModified": 1713543440,
        "narHash": "sha256-lnzZQYG0+EXl/6NkGpyIz+FEOc/DSEG57AP1VsdeNrM=",
        "owner": "guibou",
        "repo": "nixGL",
        "rev": "310f8e49a149e4c9ea52f1adf70cdc768ec53f8a",
        "type": "github"
      },
      "original": {
        "owner": "guibou",
        "repo": "nixGL",
        "type": "github"
      }
    },
    "nixpkgs": {
      "locked": {
        "lastModified": 1720368505,
        "narHash": "sha256-5r0pInVo5d6Enti0YwUSQK4TebITypB42bWy5su3MrQ=",
        "owner": "NixOS",
        "repo": "nixpkgs",
        "rev": "ab82a9612aa45284d4adf69ee81871a389669a9e",
        "type": "github"
      },
      "original": {
        "owner": "NixOS",
        "ref": "nixpkgs-unstable",
        "repo": "nixpkgs",
        "type": "github"
      }
    },
    "root": {
      "inputs": {
        "crane": "crane",
        "jeremy": "jeremy",
        "nixGL": "nixGL",
        "nixpkgs": "nixpkgs"
      }
    }
  },
  "root": "root",
  "version": 7
}
